
Microsoft Visual Studio Solution File, Format Version 12.00
# Visual Studio Version 17
VisualStudioVersion = 17.2.32526.322
MinimumVisualStudioVersion = 10.0.40219.1
Project("{FAE04EC0-301F-11D3-BF4B-00C04F79EFBC}") = "WebService_ACFTECHNOLOGIES", "WebService_ACFTECHNOLOGIES.csproj", "{7CC069A4-F87B-4FDD-A366-A8DF004DF105}"
EndProject
Global
	GlobalSection(SolutionConfigurationPlatforms) = preSolution
		Debug|Any CPU = Debug|Any CPU
		Release|Any CPU = Release|Any CPU
	EndGlobalSection
	GlobalSection(ProjectConfigurationPlatforms) = postSolution
		{7CC069A4-F87B-4FDD-A366-A8DF004DF105}.Debug|Any CPU.ActiveCfg = Debug|Any CPU
		{7CC069A4-F87B-4FDD-A366-A8DF004DF105}.Debug|Any CPU.Build.0 = Debug|Any CPU
		{7CC069A4-F87B-4FDD-A366-A8DF004DF105}.Release|Any CPU.ActiveCfg = Release|Any CPU
		{7CC069A4-F87B-4FDD-A366-A8DF004DF105}.Release|Any CPU.Build.0 = Release|Any CPU
	EndGlobalSection
	GlobalSection(SolutionProperties) = preSolution
		HideSolutionNode = FALSE
	EndGlobalSection
	GlobalSection(ExtensibilityGlobals) = postSolution
		SolutionGuid = {31DDE16B-417C-421D-851E-74F6E861C549}
	EndGlobalSection
EndGlobal
